
Microsoft Visual Studio Solution File, Format Version 12.00
# Visual Studio Version 16
VisualStudioVersion = 16.0.28803.202
MinimumVisualStudioVersion = 10.0.40219.1
Project("{FAE04EC0-301F-11D3-BF4B-00C04F79EFBC}") = "Lab 1", "Lab 1\Lab 1.csproj", "{5CB6DD33-E383-420F-9F59-796E8FACC8D6}"
EndProject
Global
	GlobalSection(SolutionConfigurationPlatforms) = preSolution
		Debug|Any CPU = Debug|Any CPU
		Release|Any CPU = Release|Any CPU
	EndGlobalSection
	GlobalSection(ProjectConfigurationPlatforms) = postSolution
		{5CB6DD33-E383-420F-9F59-796E8FACC8D6}.Debug|Any CPU.ActiveCfg = Debug|Any CPU
		{5CB6DD33-E383-420F-9F59-796E8FACC8D6}.Debug|Any CPU.Build.0 = Debug|Any CPU
		{5CB6DD33-E383-420F-9F59-796E8FACC8D6}.Release|Any CPU.ActiveCfg = Release|Any CPU
		{5CB6DD33-E383-420F-9F59-796E8FACC8D6}.Release|Any CPU.Build.0 = Release|Any CPU
	EndGlobalSection
	GlobalSection(SolutionProperties) = preSolution
		HideSolutionNode = FALSE
	EndGlobalSection
	GlobalSection(ExtensibilityGlobals) = postSolution
		SolutionGuid = {3FEA0BC9-BDD8-4B7D-8556-5B1BFAF1F4D7}
	EndGlobalSection
EndGlobal
